<?xml version="1.0" encoding="utf-8"?>
<Project ToolsVersion="4.0" xmlns="http://schemas.microsoft.com/developer/msbuild/2003">
  <ItemGroup>
    <Filter Include="Quelldateien">
      <UniqueIdentifier>{4FC737F1-C7A5-4376-A066-2A32D752A2FF}</UniqueIdentifier>
      <Extensions>cpp;c;cc;cxx;c++;cppm;ixx;def;odl;idl;hpj;bat;asm;asmx</Extensions>
    </Filter>
    <Filter Include="Headerdateien">
      <UniqueIdentifier>{93995380-89BD-4b04-88EB-625FBE52EBFB}</UniqueIdentifier>
      <Extensions>h;hh;hpp;hxx;h++;hm;inl;inc;ipp;xsd</Extensions>
    </Filter>
    <Filter Include="Ressourcendateien">
      <UniqueIdentifier>{67DA6AB6-F800-4c08-8B7A-83BB121AAD01}</UniqueIdentifier>
      <Extensions>rc;ico;cur;bmp;dlg;rc2;rct;bin;rgs;gif;jpg;jpeg;jpe;resx;tiff;tif;png;wav;mfcribbon-ms</Extensions>
    </Filter>
  </ItemGroup>
  <ItemGroup>
    <ClInclude Include="Sudoku MFC.h">
      <Filter>Headerdateien</Filter>
    </ClInclude>
    <ClInclude Include="Sudoku MFCDlg.h">
      <Filter>Headerdateien</Filter>
    </ClInclude>
    <ClInclude Include="framework.h">
      <Filter>Headerdateien</Filter>
    </ClInclude>
    <ClInclude Include="targetver.h">
      <Filter>Headerdateien</Filter>
    </ClInclude>
    <ClInclude Include="Resource.h">
      <Filter>Headerdateien</Filter>
    </ClInclude>
    <ClInclude Include="pch.h">
      <Filter>Headerdateien</Filter>
    </ClInclude>
    <ClInclude Include="spritelib.h">
      <Filter>Headerdateien</Filter>
    </ClInclude>
    <ClInclude Include="XUnzip.h">
      <Filter>Headerdateien</Filter>
    </ClInclude>
    <ClInclude Include="Sudoku.h">
      <Filter>Headerdateien</Filter>
    </ClInclude>
    <ClInclude Include="UserInterface.h">
      <Filter>Headerdateien</Filter>
    </ClInclude>
    <ClInclude Include="Undo.h">
      <Filter>Headerdateien</Filter>
    </ClInclude>
    <ClInclude Include="Vec2.h">
      <Filter>Headerdateien</Filter>
    </ClInclude>
    <ClInclude Include="MenuMFC.h">
      <Filter>Headerdateien</Filter>
    </ClInclude>
    <ClInclude Include="Solver.h">
      <Filter>Headerdateien</Filter>
    </ClInclude>
    <ClInclude Include="Generator.h">
      <Filter>Headerdateien</Filter>
    </ClInclude>
    <ClInclude Include="Random.h">
      <Filter>Headerdateien</Filter>
    </ClInclude>
  </ItemGroup>
  <ItemGroup>
    <ClCompile Include="Sudoku MFC.cpp">
      <Filter>Quelldateien</Filter>
    </ClCompile>
    <ClCompile Include="Sudoku MFCDlg.cpp">
      <Filter>Quelldateien</Filter>
    </ClCompile>
    <ClCompile Include="pch.cpp">
      <Filter>Quelldateien</Filter>
    </ClCompile>
    <ClCompile Include="spritelib.cpp">
      <Filter>Quelldateien</Filter>
    </ClCompile>
    <ClCompile Include="XUnzip.cpp">
      <Filter>Quelldateien</Filter>
    </ClCompile>
    <ClCompile Include="Sudoku.cpp">
      <Filter>Quelldateien</Filter>
    </ClCompile>
    <ClCompile Include="UserInterface.cpp">
      <Filter>Quelldateien</Filter>
    </ClCompile>
    <ClCompile Include="Undo.cpp">
      <Filter>Quelldateien</Filter>
    </ClCompile>
    <ClCompile Include="MenuMFC.cpp">
      <Filter>Quelldateien</Filter>
    </ClCompile>
    <ClCompile Include="Solver.cpp">
      <Filter>Quelldateien</Filter>
    </ClCompile>
    <ClCompile Include="Generator.cpp">
      <Filter>Quelldateien</Filter>
    </ClCompile>
  </ItemGroup>
  <ItemGroup>
    <ResourceCompile Include="SudokuMFC.rc">
      <Filter>Ressourcendateien</Filter>
    </ResourceCompile>
  </ItemGroup>
  <ItemGroup>
    <None Include="res\SudokuMFC.rc2">
      <Filter>Ressourcendateien</Filter>
    </None>
  </ItemGroup>
  <ItemGroup>
    <Image Include="res\Sudoku MFC.ico">
      <Filter>Ressourcendateien</Filter>
    </Image>
  </ItemGroup>
</Project>